
Microsoft Visual Studio Solution File, Format Version 12.00
Project("{FAE04EC0-301F-11D3-BF4B-00C04F79EFBC}") = "EdaMicroEcommerce.Api", "src\EdaMicroEcommerce.Api\EdaMicroEcommerce.Api.csproj", "{76B3D80A-AB5F-4225-B2CF-D9AA35D8CF12}"
EndProject
Project("{FAE04EC0-301F-11D3-BF4B-00C04F79EFBC}") = "EdaMicroEcommerce.Domain", "EdaMicroEcommerce.Domain\EdaMicroEcommerce.Domain.csproj", "{1BC49187-6388-4FA1-A1A4-74299A27D8B0}"
EndProject
Project("{FAE04EC0-301F-11D3-BF4B-00C04F79EFBC}") = "EdaMicroEcommerce.Application", "src\EdaMicroEcommerce.Application\EdaMicroEcommerce.Application.csproj", "{3417B3F6-85F8-44FB-8D65-91C978AF937E}"
EndProject
Project("{FAE04EC0-301F-11D3-BF4B-00C04F79EFBC}") = "EdaMicroEcommerce.Infra", "src\EdaMicroEcommerce.Infra\EdaMicroEcommerce.Infra.csproj", "{50AE6A60-3C2C-4F31-B02B-FFA77D1FE517}"
EndProject
Project("{2150E333-8FDC-42A3-9474-1A3956D46DE8}") = "Solution Items", "Solution Items", "{0C8CF7AF-7D28-43F8-B7A8-7ADC78443455}"
	ProjectSection(SolutionItems) = preProject
		compose.yaml = compose.yaml
	EndProjectSection
EndProject
Project("{FAE04EC0-301F-11D3-BF4B-00C04F79EFBC}") = "EcaMicroEcommerce.InventoryWorker", "src\EcaMicroEcommerce.InventoryWorker\EcaMicroEcommerce.InventoryWorker.csproj", "{691F0E76-7B8A-47F8-A728-4C4749BE9982}"
EndProject
Global
	GlobalSection(SolutionConfigurationPlatforms) = preSolution
		Debug|Any CPU = Debug|Any CPU
		Release|Any CPU = Release|Any CPU
	EndGlobalSection
	GlobalSection(ProjectConfigurationPlatforms) = postSolution
		{76B3D80A-AB5F-4225-B2CF-D9AA35D8CF12}.Debug|Any CPU.ActiveCfg = Debug|Any CPU
		{76B3D80A-AB5F-4225-B2CF-D9AA35D8CF12}.Debug|Any CPU.Build.0 = Debug|Any CPU
		{76B3D80A-AB5F-4225-B2CF-D9AA35D8CF12}.Release|Any CPU.ActiveCfg = Release|Any CPU
		{76B3D80A-AB5F-4225-B2CF-D9AA35D8CF12}.Release|Any CPU.Build.0 = Release|Any CPU
		{1BC49187-6388-4FA1-A1A4-74299A27D8B0}.Debug|Any CPU.ActiveCfg = Debug|Any CPU
		{1BC49187-6388-4FA1-A1A4-74299A27D8B0}.Debug|Any CPU.Build.0 = Debug|Any CPU
		{1BC49187-6388-4FA1-A1A4-74299A27D8B0}.Release|Any CPU.ActiveCfg = Release|Any CPU
		{1BC49187-6388-4FA1-A1A4-74299A27D8B0}.Release|Any CPU.Build.0 = Release|Any CPU
		{3417B3F6-85F8-44FB-8D65-91C978AF937E}.Debug|Any CPU.ActiveCfg = Debug|Any CPU
		{3417B3F6-85F8-44FB-8D65-91C978AF937E}.Debug|Any CPU.Build.0 = Debug|Any CPU
		{3417B3F6-85F8-44FB-8D65-91C978AF937E}.Release|Any CPU.ActiveCfg = Release|Any CPU
		{3417B3F6-85F8-44FB-8D65-91C978AF937E}.Release|Any CPU.Build.0 = Release|Any CPU
		{50AE6A60-3C2C-4F31-B02B-FFA77D1FE517}.Debug|Any CPU.ActiveCfg = Debug|Any CPU
		{50AE6A60-3C2C-4F31-B02B-FFA77D1FE517}.Debug|Any CPU.Build.0 = Debug|Any CPU
		{50AE6A60-3C2C-4F31-B02B-FFA77D1FE517}.Release|Any CPU.ActiveCfg = Release|Any CPU
		{50AE6A60-3C2C-4F31-B02B-FFA77D1FE517}.Release|Any CPU.Build.0 = Release|Any CPU
		{691F0E76-7B8A-47F8-A728-4C4749BE9982}.Debug|Any CPU.ActiveCfg = Debug|Any CPU
		{691F0E76-7B8A-47F8-A728-4C4749BE9982}.Debug|Any CPU.Build.0 = Debug|Any CPU
		{691F0E76-7B8A-47F8-A728-4C4749BE9982}.Release|Any CPU.ActiveCfg = Release|Any CPU
		{691F0E76-7B8A-47F8-A728-4C4749BE9982}.Release|Any CPU.Build.0 = Release|Any CPU
	EndGlobalSection
EndGlobal
