
Microsoft Visual Studio Solution File, Format Version 12.00
Project("{FAE04EC0-301F-11D3-BF4B-00C04F79EFBC}") = "EdaMicroEcommerce.Api", "src\EdaMicroEcommerce.Api\EdaMicroEcommerce.Api.csproj", "{76B3D80A-AB5F-4225-B2CF-D9AA35D8CF12}"
EndProject
Project("{FAE04EC0-301F-11D3-BF4B-00C04F79EFBC}") = "Platform.Domain", "src\Platform.Domain\Platform.Domain.csproj", "{1BC49187-6388-4FA1-A1A4-74299A27D8B0}"
EndProject
Project("{FAE04EC0-301F-11D3-BF4B-00C04F79EFBC}") = "Platform.Application", "src\Platform.Application\Platform.Application.csproj", "{3417B3F6-85F8-44FB-8D65-91C978AF937E}"
EndProject
Project("{FAE04EC0-301F-11D3-BF4B-00C04F79EFBC}") = "Platform.Infra", "src\Platform.Infra\Platform.Infra.csproj", "{50AE6A60-3C2C-4F31-B02B-FFA77D1FE517}"
EndProject
Project("{2150E333-8FDC-42A3-9474-1A3956D46DE8}") = "Solution Items", "Solution Items", "{0C8CF7AF-7D28-43F8-B7A8-7ADC78443455}"
	ProjectSection(SolutionItems) = preProject
		compose.yaml = compose.yaml
	EndProjectSection
EndProject
Project("{FAE04EC0-301F-11D3-BF4B-00C04F79EFBC}") = "Catalog.InventoryWorker", "src\Catalog.InventoryWorker\Catalog.InventoryWorker.csproj", "{691F0E76-7B8A-47F8-A728-4C4749BE9982}"
EndProject
Project("{FAE04EC0-301F-11D3-BF4B-00C04F79EFBC}") = "EdaEcommerce.NotificationWorker", "src\EdaEcommerce.NotificationWorker\EdaEcommerce.NotificationWorker.csproj", "{99EBDC89-333E-4206-A184-AB7ADF81FABD}"
EndProject
Project("{2150E333-8FDC-42A3-9474-1A3956D46DE8}") = "Modules", "Modules", "{B4F6860B-8B32-4C0C-9B3D-BB82C232823C}"
EndProject
Project("{2150E333-8FDC-42A3-9474-1A3956D46DE8}") = "Catalog", "Catalog", "{C3BE1808-4DD1-4847-8FBF-3264AEA7F81C}"
EndProject
Project("{FAE04EC0-301F-11D3-BF4B-00C04F79EFBC}") = "Catalog.Domain", "src\Catalog.Domain\Catalog.Domain.csproj", "{03BD347F-EAB6-449F-AD9A-5961B1C24E32}"
EndProject
Project("{2150E333-8FDC-42A3-9474-1A3956D46DE8}") = "Platform", "Platform", "{48B18898-03BA-43A3-8B56-869762B45378}"
EndProject
Project("{2150E333-8FDC-42A3-9474-1A3956D46DE8}") = "Orders", "Orders", "{EF62A7BF-9497-4417-887C-52CA9AF087D6}"
EndProject
Project("{2150E333-8FDC-42A3-9474-1A3956D46DE8}") = "Billing", "Billing", "{2E739C73-FF3C-4D92-8BCC-C8A35BCE3BC0}"
EndProject
Project("{FAE04EC0-301F-11D3-BF4B-00C04F79EFBC}") = "Catalog.Infra", "src\Catalog.Infra\Catalog.Infra.csproj", "{1D812A01-4D36-41ED-90D4-93606F0B6630}"
EndProject
Project("{FAE04EC0-301F-11D3-BF4B-00C04F79EFBC}") = "Catalog.Application", "src\Catalog.Application\Catalog.Application.csproj", "{F2D864A5-90CF-4682-8B0F-27E13660D22F}"
EndProject
Project("{FAE04EC0-301F-11D3-BF4B-00C04F79EFBC}") = "Orders.Domain", "src\Orders.Domain\Orders.Domain.csproj", "{C1700193-51CF-40D6-BB1C-4739643B05EE}"
EndProject
Project("{FAE04EC0-301F-11D3-BF4B-00C04F79EFBC}") = "Orders.Infra", "src\Orders.Infra\Orders.Infra.csproj", "{51C1D315-E2ED-4EA4-A848-21284A922D31}"
EndProject
Project("{FAE04EC0-301F-11D3-BF4B-00C04F79EFBC}") = "Orders.Application", "src\Orders.Application\Orders.Application.csproj", "{2C5C6785-F45A-4235-B4E8-C656D7860C12}"
EndProject
Project("{FAE04EC0-301F-11D3-BF4B-00C04F79EFBC}") = "Catalog.Api", "src\Catalog.Api\Catalog.Api.csproj", "{619C2CD6-713B-489B-9958-C7C43A99D0E7}"
EndProject
Project("{FAE04EC0-301F-11D3-BF4B-00C04F79EFBC}") = "Orders.Api", "src\Orders.Api\Orders.Api.csproj", "{DB45D0EC-2C5E-4A24-8B49-503BC77E408F}"
EndProject
Project("{FAE04EC0-301F-11D3-BF4B-00C04F79EFBC}") = "Catalog.Contracts", "src\Catalog.Contracts\Catalog.Contracts.csproj", "{694E5A72-9F69-4787-80DA-CC1772D3EAB3}"
EndProject
Project("{FAE04EC0-301F-11D3-BF4B-00C04F79EFBC}") = "Orders.SagaOrchestrator", "src\Orders.SagaOrchestrator\Orders.SagaOrchestrator.csproj", "{2E90019D-B3C4-41DC-92C7-FB844B5DB9CE}"
EndProject
Project("{FAE04EC0-301F-11D3-BF4B-00C04F79EFBC}") = "Platform.SharedContracts", "src\Platform.SharedContracts\Platform.SharedContracts.csproj", "{62B139FB-DA2B-43BF-A568-B2245A256B7A}"
EndProject
Project("{FAE04EC0-301F-11D3-BF4B-00C04F79EFBC}") = "EdaMicroEcommerce.AppHost", "src\EdaMicroEcommerce.AppHost\EdaMicroEcommerce.AppHost.csproj", "{62B7A73C-7357-4A86-8274-0AA089B7A655}"
EndProject
Global
	GlobalSection(SolutionConfigurationPlatforms) = preSolution
		Debug|Any CPU = Debug|Any CPU
		Release|Any CPU = Release|Any CPU
	EndGlobalSection
	GlobalSection(ProjectConfigurationPlatforms) = postSolution
		{76B3D80A-AB5F-4225-B2CF-D9AA35D8CF12}.Debug|Any CPU.ActiveCfg = Debug|Any CPU
		{76B3D80A-AB5F-4225-B2CF-D9AA35D8CF12}.Debug|Any CPU.Build.0 = Debug|Any CPU
		{76B3D80A-AB5F-4225-B2CF-D9AA35D8CF12}.Release|Any CPU.ActiveCfg = Release|Any CPU
		{76B3D80A-AB5F-4225-B2CF-D9AA35D8CF12}.Release|Any CPU.Build.0 = Release|Any CPU
		{1BC49187-6388-4FA1-A1A4-74299A27D8B0}.Debug|Any CPU.ActiveCfg = Debug|Any CPU
		{1BC49187-6388-4FA1-A1A4-74299A27D8B0}.Debug|Any CPU.Build.0 = Debug|Any CPU
		{1BC49187-6388-4FA1-A1A4-74299A27D8B0}.Release|Any CPU.ActiveCfg = Release|Any CPU
		{1BC49187-6388-4FA1-A1A4-74299A27D8B0}.Release|Any CPU.Build.0 = Release|Any CPU
		{3417B3F6-85F8-44FB-8D65-91C978AF937E}.Debug|Any CPU.ActiveCfg = Debug|Any CPU
		{3417B3F6-85F8-44FB-8D65-91C978AF937E}.Debug|Any CPU.Build.0 = Debug|Any CPU
		{3417B3F6-85F8-44FB-8D65-91C978AF937E}.Release|Any CPU.ActiveCfg = Release|Any CPU
		{3417B3F6-85F8-44FB-8D65-91C978AF937E}.Release|Any CPU.Build.0 = Release|Any CPU
		{50AE6A60-3C2C-4F31-B02B-FFA77D1FE517}.Debug|Any CPU.ActiveCfg = Debug|Any CPU
		{50AE6A60-3C2C-4F31-B02B-FFA77D1FE517}.Debug|Any CPU.Build.0 = Debug|Any CPU
		{50AE6A60-3C2C-4F31-B02B-FFA77D1FE517}.Release|Any CPU.ActiveCfg = Release|Any CPU
		{50AE6A60-3C2C-4F31-B02B-FFA77D1FE517}.Release|Any CPU.Build.0 = Release|Any CPU
		{691F0E76-7B8A-47F8-A728-4C4749BE9982}.Debug|Any CPU.ActiveCfg = Debug|Any CPU
		{691F0E76-7B8A-47F8-A728-4C4749BE9982}.Debug|Any CPU.Build.0 = Debug|Any CPU
		{691F0E76-7B8A-47F8-A728-4C4749BE9982}.Release|Any CPU.ActiveCfg = Release|Any CPU
		{691F0E76-7B8A-47F8-A728-4C4749BE9982}.Release|Any CPU.Build.0 = Release|Any CPU
		{99EBDC89-333E-4206-A184-AB7ADF81FABD}.Debug|Any CPU.ActiveCfg = Debug|Any CPU
		{99EBDC89-333E-4206-A184-AB7ADF81FABD}.Debug|Any CPU.Build.0 = Debug|Any CPU
		{99EBDC89-333E-4206-A184-AB7ADF81FABD}.Release|Any CPU.ActiveCfg = Release|Any CPU
		{99EBDC89-333E-4206-A184-AB7ADF81FABD}.Release|Any CPU.Build.0 = Release|Any CPU
		{03BD347F-EAB6-449F-AD9A-5961B1C24E32}.Debug|Any CPU.ActiveCfg = Debug|Any CPU
		{03BD347F-EAB6-449F-AD9A-5961B1C24E32}.Debug|Any CPU.Build.0 = Debug|Any CPU
		{03BD347F-EAB6-449F-AD9A-5961B1C24E32}.Release|Any CPU.ActiveCfg = Release|Any CPU
		{03BD347F-EAB6-449F-AD9A-5961B1C24E32}.Release|Any CPU.Build.0 = Release|Any CPU
		{1D812A01-4D36-41ED-90D4-93606F0B6630}.Debug|Any CPU.ActiveCfg = Debug|Any CPU
		{1D812A01-4D36-41ED-90D4-93606F0B6630}.Debug|Any CPU.Build.0 = Debug|Any CPU
		{1D812A01-4D36-41ED-90D4-93606F0B6630}.Release|Any CPU.ActiveCfg = Release|Any CPU
		{1D812A01-4D36-41ED-90D4-93606F0B6630}.Release|Any CPU.Build.0 = Release|Any CPU
		{F2D864A5-90CF-4682-8B0F-27E13660D22F}.Debug|Any CPU.ActiveCfg = Debug|Any CPU
		{F2D864A5-90CF-4682-8B0F-27E13660D22F}.Debug|Any CPU.Build.0 = Debug|Any CPU
		{F2D864A5-90CF-4682-8B0F-27E13660D22F}.Release|Any CPU.ActiveCfg = Release|Any CPU
		{F2D864A5-90CF-4682-8B0F-27E13660D22F}.Release|Any CPU.Build.0 = Release|Any CPU
		{C1700193-51CF-40D6-BB1C-4739643B05EE}.Debug|Any CPU.ActiveCfg = Debug|Any CPU
		{C1700193-51CF-40D6-BB1C-4739643B05EE}.Debug|Any CPU.Build.0 = Debug|Any CPU
		{C1700193-51CF-40D6-BB1C-4739643B05EE}.Release|Any CPU.ActiveCfg = Release|Any CPU
		{C1700193-51CF-40D6-BB1C-4739643B05EE}.Release|Any CPU.Build.0 = Release|Any CPU
		{51C1D315-E2ED-4EA4-A848-21284A922D31}.Debug|Any CPU.ActiveCfg = Debug|Any CPU
		{51C1D315-E2ED-4EA4-A848-21284A922D31}.Debug|Any CPU.Build.0 = Debug|Any CPU
		{51C1D315-E2ED-4EA4-A848-21284A922D31}.Release|Any CPU.ActiveCfg = Release|Any CPU
		{51C1D315-E2ED-4EA4-A848-21284A922D31}.Release|Any CPU.Build.0 = Release|Any CPU
		{2C5C6785-F45A-4235-B4E8-C656D7860C12}.Debug|Any CPU.ActiveCfg = Debug|Any CPU
		{2C5C6785-F45A-4235-B4E8-C656D7860C12}.Debug|Any CPU.Build.0 = Debug|Any CPU
		{2C5C6785-F45A-4235-B4E8-C656D7860C12}.Release|Any CPU.ActiveCfg = Release|Any CPU
		{2C5C6785-F45A-4235-B4E8-C656D7860C12}.Release|Any CPU.Build.0 = Release|Any CPU
		{619C2CD6-713B-489B-9958-C7C43A99D0E7}.Debug|Any CPU.ActiveCfg = Debug|Any CPU
		{619C2CD6-713B-489B-9958-C7C43A99D0E7}.Debug|Any CPU.Build.0 = Debug|Any CPU
		{619C2CD6-713B-489B-9958-C7C43A99D0E7}.Release|Any CPU.ActiveCfg = Release|Any CPU
		{619C2CD6-713B-489B-9958-C7C43A99D0E7}.Release|Any CPU.Build.0 = Release|Any CPU
		{DB45D0EC-2C5E-4A24-8B49-503BC77E408F}.Debug|Any CPU.ActiveCfg = Debug|Any CPU
		{DB45D0EC-2C5E-4A24-8B49-503BC77E408F}.Debug|Any CPU.Build.0 = Debug|Any CPU
		{DB45D0EC-2C5E-4A24-8B49-503BC77E408F}.Release|Any CPU.ActiveCfg = Release|Any CPU
		{DB45D0EC-2C5E-4A24-8B49-503BC77E408F}.Release|Any CPU.Build.0 = Release|Any CPU
		{694E5A72-9F69-4787-80DA-CC1772D3EAB3}.Debug|Any CPU.ActiveCfg = Debug|Any CPU
		{694E5A72-9F69-4787-80DA-CC1772D3EAB3}.Debug|Any CPU.Build.0 = Debug|Any CPU
		{694E5A72-9F69-4787-80DA-CC1772D3EAB3}.Release|Any CPU.ActiveCfg = Release|Any CPU
		{694E5A72-9F69-4787-80DA-CC1772D3EAB3}.Release|Any CPU.Build.0 = Release|Any CPU
		{2E90019D-B3C4-41DC-92C7-FB844B5DB9CE}.Debug|Any CPU.ActiveCfg = Debug|Any CPU
		{2E90019D-B3C4-41DC-92C7-FB844B5DB9CE}.Debug|Any CPU.Build.0 = Debug|Any CPU
		{2E90019D-B3C4-41DC-92C7-FB844B5DB9CE}.Release|Any CPU.ActiveCfg = Release|Any CPU
		{2E90019D-B3C4-41DC-92C7-FB844B5DB9CE}.Release|Any CPU.Build.0 = Release|Any CPU
		{62B139FB-DA2B-43BF-A568-B2245A256B7A}.Debug|Any CPU.ActiveCfg = Debug|Any CPU
		{62B139FB-DA2B-43BF-A568-B2245A256B7A}.Debug|Any CPU.Build.0 = Debug|Any CPU
		{62B139FB-DA2B-43BF-A568-B2245A256B7A}.Release|Any CPU.ActiveCfg = Release|Any CPU
		{62B139FB-DA2B-43BF-A568-B2245A256B7A}.Release|Any CPU.Build.0 = Release|Any CPU
		{62B7A73C-7357-4A86-8274-0AA089B7A655}.Debug|Any CPU.ActiveCfg = Debug|Any CPU
		{62B7A73C-7357-4A86-8274-0AA089B7A655}.Debug|Any CPU.Build.0 = Debug|Any CPU
		{62B7A73C-7357-4A86-8274-0AA089B7A655}.Release|Any CPU.ActiveCfg = Release|Any CPU
		{62B7A73C-7357-4A86-8274-0AA089B7A655}.Release|Any CPU.Build.0 = Release|Any CPU
	EndGlobalSection
	GlobalSection(NestedProjects) = preSolution
		{C3BE1808-4DD1-4847-8FBF-3264AEA7F81C} = {B4F6860B-8B32-4C0C-9B3D-BB82C232823C}
		{03BD347F-EAB6-449F-AD9A-5961B1C24E32} = {C3BE1808-4DD1-4847-8FBF-3264AEA7F81C}
		{48B18898-03BA-43A3-8B56-869762B45378} = {B4F6860B-8B32-4C0C-9B3D-BB82C232823C}
		{EF62A7BF-9497-4417-887C-52CA9AF087D6} = {B4F6860B-8B32-4C0C-9B3D-BB82C232823C}
		{2E739C73-FF3C-4D92-8BCC-C8A35BCE3BC0} = {B4F6860B-8B32-4C0C-9B3D-BB82C232823C}
		{3417B3F6-85F8-44FB-8D65-91C978AF937E} = {48B18898-03BA-43A3-8B56-869762B45378}
		{1D812A01-4D36-41ED-90D4-93606F0B6630} = {C3BE1808-4DD1-4847-8FBF-3264AEA7F81C}
		{F2D864A5-90CF-4682-8B0F-27E13660D22F} = {C3BE1808-4DD1-4847-8FBF-3264AEA7F81C}
		{C1700193-51CF-40D6-BB1C-4739643B05EE} = {EF62A7BF-9497-4417-887C-52CA9AF087D6}
		{51C1D315-E2ED-4EA4-A848-21284A922D31} = {EF62A7BF-9497-4417-887C-52CA9AF087D6}
		{2C5C6785-F45A-4235-B4E8-C656D7860C12} = {EF62A7BF-9497-4417-887C-52CA9AF087D6}
		{691F0E76-7B8A-47F8-A728-4C4749BE9982} = {C3BE1808-4DD1-4847-8FBF-3264AEA7F81C}
		{1BC49187-6388-4FA1-A1A4-74299A27D8B0} = {48B18898-03BA-43A3-8B56-869762B45378}
		{50AE6A60-3C2C-4F31-B02B-FFA77D1FE517} = {48B18898-03BA-43A3-8B56-869762B45378}
		{619C2CD6-713B-489B-9958-C7C43A99D0E7} = {C3BE1808-4DD1-4847-8FBF-3264AEA7F81C}
		{DB45D0EC-2C5E-4A24-8B49-503BC77E408F} = {EF62A7BF-9497-4417-887C-52CA9AF087D6}
		{694E5A72-9F69-4787-80DA-CC1772D3EAB3} = {C3BE1808-4DD1-4847-8FBF-3264AEA7F81C}
		{2E90019D-B3C4-41DC-92C7-FB844B5DB9CE} = {EF62A7BF-9497-4417-887C-52CA9AF087D6}
		{62B139FB-DA2B-43BF-A568-B2245A256B7A} = {48B18898-03BA-43A3-8B56-869762B45378}
	EndGlobalSection
EndGlobal
